
Microsoft Visual Studio Solution File, Format Version 12.00
# Visual Studio 14
VisualStudioVersion = 14.0.25420.1
MinimumVisualStudioVersion = 10.0.40219.1
Project("{FAE04EC0-301F-11D3-BF4B-00C04F79EFBC}") = "Modulo4XamarinForms", "Modulo4XamarinForms\Modulo4XamarinForms\Modulo4XamarinForms.csproj", "{D19134D6-9F80-43D4-8C68-5DB6148B100C}"
EndProject
Project("{FAE04EC0-301F-11D3-BF4B-00C04F79EFBC}") = "Modulo4XamarinForms.Droid", "Modulo4XamarinForms\Modulo4XamarinForms.Droid\Modulo4XamarinForms.Droid.csproj", "{D88B3EFE-7E34-4EF2-A91B-83CC80E1CD6B}"
EndProject
Project("{FAE04EC0-301F-11D3-BF4B-00C04F79EFBC}") = "Modulo4XamarinForms.iOS", "Modulo4XamarinForms\Modulo4XamarinForms.iOS\Modulo4XamarinForms.iOS.csproj", "{4145AC3D-A453-403D-B088-132D13FDE8FE}"
EndProject
Project("{FAE04EC0-301F-11D3-BF4B-00C04F79EFBC}") = "Modulo4XamarinForms.WinPhone", "Modulo4XamarinForms\Modulo4XamarinForms.WinPhone\Modulo4XamarinForms.WinPhone.csproj", "{EC0C66A1-479F-46EB-9C5E-5CE89D2006A6}"
EndProject
Project("{FAE04EC0-301F-11D3-BF4B-00C04F79EFBC}") = "Modulo4XamarinForms.UWP", "Modulo4XamarinForms\Modulo4XamarinForms.UWP\Modulo4XamarinForms.UWP.csproj", "{A1703493-B4AB-4738-9986-3175E325946A}"
EndProject
Project("{FAE04EC0-301F-11D3-BF4B-00C04F79EFBC}") = "Modulo4XamarinForms.Windows", "Modulo4XamarinForms\Modulo4XamarinForms.Windows\Modulo4XamarinForms.Windows.csproj", "{2E17D80B-186F-4CFA-959F-51F519E512C0}"
EndProject
Global
	GlobalSection(SolutionConfigurationPlatforms) = preSolution
		Ad-Hoc|Any CPU = Ad-Hoc|Any CPU
		Ad-Hoc|ARM = Ad-Hoc|ARM
		Ad-Hoc|iPhone = Ad-Hoc|iPhone
		Ad-Hoc|iPhoneSimulator = Ad-Hoc|iPhoneSimulator
		Ad-Hoc|x64 = Ad-Hoc|x64
		Ad-Hoc|x86 = Ad-Hoc|x86
		AppStore|Any CPU = AppStore|Any CPU
		AppStore|ARM = AppStore|ARM
		AppStore|iPhone = AppStore|iPhone
		AppStore|iPhoneSimulator = AppStore|iPhoneSimulator
		AppStore|x64 = AppStore|x64
		AppStore|x86 = AppStore|x86
		Debug|Any CPU = Debug|Any CPU
		Debug|ARM = Debug|ARM
		Debug|iPhone = Debug|iPhone
		Debug|iPhoneSimulator = Debug|iPhoneSimulator
		Debug|x64 = Debug|x64
		Debug|x86 = Debug|x86
		Release|Any CPU = Release|Any CPU
		Release|ARM = Release|ARM
		Release|iPhone = Release|iPhone
		Release|iPhoneSimulator = Release|iPhoneSimulator
		Release|x64 = Release|x64
		Release|x86 = Release|x86
	EndGlobalSection
	GlobalSection(ProjectConfigurationPlatforms) = postSolution
		{D19134D6-9F80-43D4-8C68-5DB6148B100C}.Ad-Hoc|Any CPU.ActiveCfg = Release|Any CPU
		{D19134D6-9F80-43D4-8C68-5DB6148B100C}.Ad-Hoc|Any CPU.Build.0 = Release|Any CPU
		{D19134D6-9F80-43D4-8C68-5DB6148B100C}.Ad-Hoc|ARM.ActiveCfg = Release|Any CPU
		{D19134D6-9F80-43D4-8C68-5DB6148B100C}.Ad-Hoc|ARM.Build.0 = Release|Any CPU
		{D19134D6-9F80-43D4-8C68-5DB6148B100C}.Ad-Hoc|iPhone.ActiveCfg = Release|Any CPU
		{D19134D6-9F80-43D4-8C68-5DB6148B100C}.Ad-Hoc|iPhone.Build.0 = Release|Any CPU
		{D19134D6-9F80-43D4-8C68-5DB6148B100C}.Ad-Hoc|iPhoneSimulator.ActiveCfg = Release|Any CPU
		{D19134D6-9F80-43D4-8C68-5DB6148B100C}.Ad-Hoc|iPhoneSimulator.Build.0 = Release|Any CPU
		{D19134D6-9F80-43D4-8C68-5DB6148B100C}.Ad-Hoc|x64.ActiveCfg = Release|Any CPU
		{D19134D6-9F80-43D4-8C68-5DB6148B100C}.Ad-Hoc|x64.Build.0 = Release|Any CPU
		{D19134D6-9F80-43D4-8C68-5DB6148B100C}.Ad-Hoc|x86.ActiveCfg = Release|Any CPU
		{D19134D6-9F80-43D4-8C68-5DB6148B100C}.Ad-Hoc|x86.Build.0 = Release|Any CPU
		{D19134D6-9F80-43D4-8C68-5DB6148B100C}.AppStore|Any CPU.ActiveCfg = Release|Any CPU
		{D19134D6-9F80-43D4-8C68-5DB6148B100C}.AppStore|Any CPU.Build.0 = Release|Any CPU
		{D19134D6-9F80-43D4-8C68-5DB6148B100C}.AppStore|ARM.ActiveCfg = Release|Any CPU
		{D19134D6-9F80-43D4-8C68-5DB6148B100C}.AppStore|ARM.Build.0 = Release|Any CPU
		{D19134D6-9F80-43D4-8C68-5DB6148B100C}.AppStore|iPhone.ActiveCfg = Release|Any CPU
		{D19134D6-9F80-43D4-8C68-5DB6148B100C}.AppStore|iPhone.Build.0 = Release|Any CPU
		{D19134D6-9F80-43D4-8C68-5DB6148B100C}.AppStore|iPhoneSimulator.ActiveCfg = Release|Any CPU
		{D19134D6-9F80-43D4-8C68-5DB6148B100C}.AppStore|iPhoneSimulator.Build.0 = Release|Any CPU
		{D19134D6-9F80-43D4-8C68-5DB6148B100C}.AppStore|x64.ActiveCfg = Release|Any CPU
		{D19134D6-9F80-43D4-8C68-5DB6148B100C}.AppStore|x64.Build.0 = Release|Any CPU
		{D19134D6-9F80-43D4-8C68-5DB6148B100C}.AppStore|x86.ActiveCfg = Release|Any CPU
		{D19134D6-9F80-43D4-8C68-5DB6148B100C}.AppStore|x86.Build.0 = Release|Any CPU
		{D19134D6-9F80-43D4-8C68-5DB6148B100C}.Debug|Any CPU.ActiveCfg = Debug|Any CPU
		{D19134D6-9F80-43D4-8C68-5DB6148B100C}.Debug|Any CPU.Build.0 = Debug|Any CPU
		{D19134D6-9F80-43D4-8C68-5DB6148B100C}.Debug|ARM.ActiveCfg = Debug|Any CPU
		{D19134D6-9F80-43D4-8C68-5DB6148B100C}.Debug|ARM.Build.0 = Debug|Any CPU
		{D19134D6-9F80-43D4-8C68-5DB6148B100C}.Debug|iPhone.ActiveCfg = Debug|Any CPU
		{D19134D6-9F80-43D4-8C68-5DB6148B100C}.Debug|iPhone.Build.0 = Debug|Any CPU
		{D19134D6-9F80-43D4-8C68-5DB6148B100C}.Debug|iPhoneSimulator.ActiveCfg = Debug|Any CPU
		{D19134D6-9F80-43D4-8C68-5DB6148B100C}.Debug|iPhoneSimulator.Build.0 = Debug|Any CPU
		{D19134D6-9F80-43D4-8C68-5DB6148B100C}.Debug|x64.ActiveCfg = Debug|Any CPU
		{D19134D6-9F80-43D4-8C68-5DB6148B100C}.Debug|x64.Build.0 = Debug|Any CPU
		{D19134D6-9F80-43D4-8C68-5DB6148B100C}.Debug|x86.ActiveCfg = Debug|Any CPU
		{D19134D6-9F80-43D4-8C68-5DB6148B100C}.Debug|x86.Build.0 = Debug|Any CPU
		{D19134D6-9F80-43D4-8C68-5DB6148B100C}.Release|Any CPU.ActiveCfg = Release|Any CPU
		{D19134D6-9F80-43D4-8C68-5DB6148B100C}.Release|Any CPU.Build.0 = Release|Any CPU
		{D19134D6-9F80-43D4-8C68-5DB6148B100C}.Release|ARM.ActiveCfg = Release|Any CPU
		{D19134D6-9F80-43D4-8C68-5DB6148B100C}.Release|ARM.Build.0 = Release|Any CPU
		{D19134D6-9F80-43D4-8C68-5DB6148B100C}.Release|iPhone.ActiveCfg = Release|Any CPU
		{D19134D6-9F80-43D4-8C68-5DB6148B100C}.Release|iPhone.Build.0 = Release|Any CPU
		{D19134D6-9F80-43D4-8C68-5DB6148B100C}.Release|iPhoneSimulator.ActiveCfg = Release|Any CPU
		{D19134D6-9F80-43D4-8C68-5DB6148B100C}.Release|iPhoneSimulator.Build.0 = Release|Any CPU
		{D19134D6-9F80-43D4-8C68-5DB6148B100C}.Release|x64.ActiveCfg = Release|Any CPU
		{D19134D6-9F80-43D4-8C68-5DB6148B100C}.Release|x64.Build.0 = Release|Any CPU
		{D19134D6-9F80-43D4-8C68-5DB6148B100C}.Release|x86.ActiveCfg = Release|Any CPU
		{D19134D6-9F80-43D4-8C68-5DB6148B100C}.Release|x86.Build.0 = Release|Any CPU
		{D88B3EFE-7E34-4EF2-A91B-83CC80E1CD6B}.Ad-Hoc|Any CPU.ActiveCfg = Release|Any CPU
		{D88B3EFE-7E34-4EF2-A91B-83CC80E1CD6B}.Ad-Hoc|Any CPU.Build.0 = Release|Any CPU
		{D88B3EFE-7E34-4EF2-A91B-83CC80E1CD6B}.Ad-Hoc|Any CPU.Deploy.0 = Release|Any CPU
		{D88B3EFE-7E34-4EF2-A91B-83CC80E1CD6B}.Ad-Hoc|ARM.ActiveCfg = Release|Any CPU
		{D88B3EFE-7E34-4EF2-A91B-83CC80E1CD6B}.Ad-Hoc|ARM.Build.0 = Release|Any CPU
		{D88B3EFE-7E34-4EF2-A91B-83CC80E1CD6B}.Ad-Hoc|ARM.Deploy.0 = Release|Any CPU
		{D88B3EFE-7E34-4EF2-A91B-83CC80E1CD6B}.Ad-Hoc|iPhone.ActiveCfg = Release|Any CPU
		{D88B3EFE-7E34-4EF2-A91B-83CC80E1CD6B}.Ad-Hoc|iPhone.Build.0 = Release|Any CPU
		{D88B3EFE-7E34-4EF2-A91B-83CC80E1CD6B}.Ad-Hoc|iPhone.Deploy.0 = Release|Any CPU
		{D88B3EFE-7E34-4EF2-A91B-83CC80E1CD6B}.Ad-Hoc|iPhoneSimulator.ActiveCfg = Release|Any CPU
		{D88B3EFE-7E34-4EF2-A91B-83CC80E1CD6B}.Ad-Hoc|iPhoneSimulator.Build.0 = Release|Any CPU
		{D88B3EFE-7E34-4EF2-A91B-83CC80E1CD6B}.Ad-Hoc|iPhoneSimulator.Deploy.0 = Release|Any CPU
		{D88B3EFE-7E34-4EF2-A91B-83CC80E1CD6B}.Ad-Hoc|x64.ActiveCfg = Release|Any CPU
		{D88B3EFE-7E34-4EF2-A91B-83CC80E1CD6B}.Ad-Hoc|x64.Build.0 = Release|Any CPU
		{D88B3EFE-7E34-4EF2-A91B-83CC80E1CD6B}.Ad-Hoc|x64.Deploy.0 = Release|Any CPU
		{D88B3EFE-7E34-4EF2-A91B-83CC80E1CD6B}.Ad-Hoc|x86.ActiveCfg = Release|Any CPU
		{D88B3EFE-7E34-4EF2-A91B-83CC80E1CD6B}.Ad-Hoc|x86.Build.0 = Release|Any CPU
		{D88B3EFE-7E34-4EF2-A91B-83CC80E1CD6B}.Ad-Hoc|x86.Deploy.0 = Release|Any CPU
		{D88B3EFE-7E34-4EF2-A91B-83CC80E1CD6B}.AppStore|Any CPU.ActiveCfg = Release|Any CPU
		{D88B3EFE-7E34-4EF2-A91B-83CC80E1CD6B}.AppStore|Any CPU.Build.0 = Release|Any CPU
		{D88B3EFE-7E34-4EF2-A91B-83CC80E1CD6B}.AppStore|Any CPU.Deploy.0 = Release|Any CPU
		{D88B3EFE-7E34-4EF2-A91B-83CC80E1CD6B}.AppStore|ARM.ActiveCfg = Release|Any CPU
		{D88B3EFE-7E34-4EF2-A91B-83CC80E1CD6B}.AppStore|ARM.Build.0 = Release|Any CPU
		{D88B3EFE-7E34-4EF2-A91B-83CC80E1CD6B}.AppStore|ARM.Deploy.0 = Release|Any CPU
		{D88B3EFE-7E34-4EF2-A91B-83CC80E1CD6B}.AppStore|iPhone.ActiveCfg = Release|Any CPU
		{D88B3EFE-7E34-4EF2-A91B-83CC80E1CD6B}.AppStore|iPhone.Build.0 = Release|Any CPU
		{D88B3EFE-7E34-4EF2-A91B-83CC80E1CD6B}.AppStore|iPhone.Deploy.0 = Release|Any CPU
		{D88B3EFE-7E34-4EF2-A91B-83CC80E1CD6B}.AppStore|iPhoneSimulator.ActiveCfg = Release|Any CPU
		{D88B3EFE-7E34-4EF2-A91B-83CC80E1CD6B}.AppStore|iPhoneSimulator.Build.0 = Release|Any CPU
		{D88B3EFE-7E34-4EF2-A91B-83CC80E1CD6B}.AppStore|iPhoneSimulator.Deploy.0 = Release|Any CPU
		{D88B3EFE-7E34-4EF2-A91B-83CC80E1CD6B}.AppStore|x64.ActiveCfg = Release|Any CPU
		{D88B3EFE-7E34-4EF2-A91B-83CC80E1CD6B}.AppStore|x64.Build.0 = Release|Any CPU
		{D88B3EFE-7E34-4EF2-A91B-83CC80E1CD6B}.AppStore|x64.Deploy.0 = Release|Any CPU
		{D88B3EFE-7E34-4EF2-A91B-83CC80E1CD6B}.AppStore|x86.ActiveCfg = Release|Any CPU
		{D88B3EFE-7E34-4EF2-A91B-83CC80E1CD6B}.AppStore|x86.Build.0 = Release|Any CPU
		{D88B3EFE-7E34-4EF2-A91B-83CC80E1CD6B}.AppStore|x86.Deploy.0 = Release|Any CPU
		{D88B3EFE-7E34-4EF2-A91B-83CC80E1CD6B}.Debug|Any CPU.ActiveCfg = Debug|Any CPU
		{D88B3EFE-7E34-4EF2-A91B-83CC80E1CD6B}.Debug|Any CPU.Build.0 = Debug|Any CPU
		{D88B3EFE-7E34-4EF2-A91B-83CC80E1CD6B}.Debug|Any CPU.Deploy.0 = Debug|Any CPU
		{D88B3EFE-7E34-4EF2-A91B-83CC80E1CD6B}.Debug|ARM.ActiveCfg = Debug|Any CPU
		{D88B3EFE-7E34-4EF2-A91B-83CC80E1CD6B}.Debug|ARM.Build.0 = Debug|Any CPU
		{D88B3EFE-7E34-4EF2-A91B-83CC80E1CD6B}.Debug|ARM.Deploy.0 = Debug|Any CPU
		{D88B3EFE-7E34-4EF2-A91B-83CC80E1CD6B}.Debug|iPhone.ActiveCfg = Debug|Any CPU
		{D88B3EFE-7E34-4EF2-A91B-83CC80E1CD6B}.Debug|iPhone.Build.0 = Debug|Any CPU
		{D88B3EFE-7E34-4EF2-A91B-83CC80E1CD6B}.Debug|iPhone.Deploy.0 = Debug|Any CPU
		{D88B3EFE-7E34-4EF2-A91B-83CC80E1CD6B}.Debug|iPhoneSimulator.ActiveCfg = Debug|Any CPU
		{D88B3EFE-7E34-4EF2-A91B-83CC80E1CD6B}.Debug|iPhoneSimulator.Build.0 = Debug|Any CPU
		{D88B3EFE-7E34-4EF2-A91B-83CC80E1CD6B}.Debug|iPhoneSimulator.Deploy.0 = Debug|Any CPU
		{D88B3EFE-7E34-4EF2-A91B-83CC80E1CD6B}.Debug|x64.ActiveCfg = Debug|Any CPU
		{D88B3EFE-7E34-4EF2-A91B-83CC80E1CD6B}.Debug|x64.Build.0 = Debug|Any CPU
		{D88B3EFE-7E34-4EF2-A91B-83CC80E1CD6B}.Debug|x64.Deploy.0 = Debug|Any CPU
		{D88B3EFE-7E34-4EF2-A91B-83CC80E1CD6B}.Debug|x86.ActiveCfg = Debug|Any CPU
		{D88B3EFE-7E34-4EF2-A91B-83CC80E1CD6B}.Debug|x86.Build.0 = Debug|Any CPU
		{D88B3EFE-7E34-4EF2-A91B-83CC80E1CD6B}.Debug|x86.Deploy.0 = Debug|Any CPU
		{D88B3EFE-7E34-4EF2-A91B-83CC80E1CD6B}.Release|Any CPU.ActiveCfg = Release|Any CPU
		{D88B3EFE-7E34-4EF2-A91B-83CC80E1CD6B}.Release|Any CPU.Build.0 = Release|Any CPU
		{D88B3EFE-7E34-4EF2-A91B-83CC80E1CD6B}.Release|Any CPU.Deploy.0 = Release|Any CPU
		{D88B3EFE-7E34-4EF2-A91B-83CC80E1CD6B}.Release|ARM.ActiveCfg = Release|Any CPU
		{D88B3EFE-7E34-4EF2-A91B-83CC80E1CD6B}.Release|ARM.Build.0 = Release|Any CPU
		{D88B3EFE-7E34-4EF2-A91B-83CC80E1CD6B}.Release|ARM.Deploy.0 = Release|Any CPU
		{D88B3EFE-7E34-4EF2-A91B-83CC80E1CD6B}.Release|iPhone.ActiveCfg = Release|Any CPU
		{D88B3EFE-7E34-4EF2-A91B-83CC80E1CD6B}.Release|iPhone.Build.0 = Release|Any CPU
		{D88B3EFE-7E34-4EF2-A91B-83CC80E1CD6B}.Release|iPhone.Deploy.0 = Release|Any CPU
		{D88B3EFE-7E34-4EF2-A91B-83CC80E1CD6B}.Release|iPhoneSimulator.ActiveCfg = Release|Any CPU
		{D88B3EFE-7E34-4EF2-A91B-83CC80E1CD6B}.Release|iPhoneSimulator.Build.0 = Release|Any CPU
		{D88B3EFE-7E34-4EF2-A91B-83CC80E1CD6B}.Release|iPhoneSimulator.Deploy.0 = Release|Any CPU
		{D88B3EFE-7E34-4EF2-A91B-83CC80E1CD6B}.Release|x64.ActiveCfg = Release|Any CPU
		{D88B3EFE-7E34-4EF2-A91B-83CC80E1CD6B}.Release|x64.Build.0 = Release|Any CPU
		{D88B3EFE-7E34-4EF2-A91B-83CC80E1CD6B}.Release|x64.Deploy.0 = Release|Any CPU
		{D88B3EFE-7E34-4EF2-A91B-83CC80E1CD6B}.Release|x86.ActiveCfg = Release|Any CPU
		{D88B3EFE-7E34-4EF2-A91B-83CC80E1CD6B}.Release|x86.Build.0 = Release|Any CPU
		{D88B3EFE-7E34-4EF2-A91B-83CC80E1CD6B}.Release|x86.Deploy.0 = Release|Any CPU
		{4145AC3D-A453-403D-B088-132D13FDE8FE}.Ad-Hoc|Any CPU.ActiveCfg = Ad-Hoc|iPhone
		{4145AC3D-A453-403D-B088-132D13FDE8FE}.Ad-Hoc|ARM.ActiveCfg = Ad-Hoc|iPhone
		{4145AC3D-A453-403D-B088-132D13FDE8FE}.Ad-Hoc|iPhone.ActiveCfg = Ad-Hoc|iPhone
		{4145AC3D-A453-403D-B088-132D13FDE8FE}.Ad-Hoc|iPhone.Build.0 = Ad-Hoc|iPhone
		{4145AC3D-A453-403D-B088-132D13FDE8FE}.Ad-Hoc|iPhoneSimulator.ActiveCfg = Ad-Hoc|iPhoneSimulator
		{4145AC3D-A453-403D-B088-132D13FDE8FE}.Ad-Hoc|iPhoneSimulator.Build.0 = Ad-Hoc|iPhoneSimulator
		{4145AC3D-A453-403D-B088-132D13FDE8FE}.Ad-Hoc|x64.ActiveCfg = Ad-Hoc|iPhone
		{4145AC3D-A453-403D-B088-132D13FDE8FE}.Ad-Hoc|x86.ActiveCfg = Ad-Hoc|iPhone
		{4145AC3D-A453-403D-B088-132D13FDE8FE}.AppStore|Any CPU.ActiveCfg = AppStore|iPhone
		{4145AC3D-A453-403D-B088-132D13FDE8FE}.AppStore|ARM.ActiveCfg = AppStore|iPhone
		{4145AC3D-A453-403D-B088-132D13FDE8FE}.AppStore|iPhone.ActiveCfg = AppStore|iPhone
		{4145AC3D-A453-403D-B088-132D13FDE8FE}.AppStore|iPhone.Build.0 = AppStore|iPhone
		{4145AC3D-A453-403D-B088-132D13FDE8FE}.AppStore|iPhoneSimulator.ActiveCfg = AppStore|iPhoneSimulator
		{4145AC3D-A453-403D-B088-132D13FDE8FE}.AppStore|iPhoneSimulator.Build.0 = AppStore|iPhoneSimulator
		{4145AC3D-A453-403D-B088-132D13FDE8FE}.AppStore|x64.ActiveCfg = AppStore|iPhone
		{4145AC3D-A453-403D-B088-132D13FDE8FE}.AppStore|x86.ActiveCfg = AppStore|iPhone
		{4145AC3D-A453-403D-B088-132D13FDE8FE}.Debug|Any CPU.ActiveCfg = Debug|iPhone
		{4145AC3D-A453-403D-B088-132D13FDE8FE}.Debug|ARM.ActiveCfg = Debug|iPhone
		{4145AC3D-A453-403D-B088-132D13FDE8FE}.Debug|iPhone.ActiveCfg = Debug|iPhone
		{4145AC3D-A453-403D-B088-132D13FDE8FE}.Debug|iPhone.Build.0 = Debug|iPhone
		{4145AC3D-A453-403D-B088-132D13FDE8FE}.Debug|iPhoneSimulator.ActiveCfg = Debug|iPhoneSimulator
		{4145AC3D-A453-403D-B088-132D13FDE8FE}.Debug|iPhoneSimulator.Build.0 = Debug|iPhoneSimulator
		{4145AC3D-A453-403D-B088-132D13FDE8FE}.Debug|x64.ActiveCfg = Debug|iPhone
		{4145AC3D-A453-403D-B088-132D13FDE8FE}.Debug|x86.ActiveCfg = Debug|iPhone
		{4145AC3D-A453-403D-B088-132D13FDE8FE}.Release|Any CPU.ActiveCfg = Release|iPhone
		{4145AC3D-A453-403D-B088-132D13FDE8FE}.Release|ARM.ActiveCfg = Release|iPhone
		{4145AC3D-A453-403D-B088-132D13FDE8FE}.Release|iPhone.ActiveCfg = Release|iPhone
		{4145AC3D-A453-403D-B088-132D13FDE8FE}.Release|iPhone.Build.0 = Release|iPhone
		{4145AC3D-A453-403D-B088-132D13FDE8FE}.Release|iPhoneSimulator.ActiveCfg = Release|iPhoneSimulator
		{4145AC3D-A453-403D-B088-132D13FDE8FE}.Release|iPhoneSimulator.Build.0 = Release|iPhoneSimulator
		{4145AC3D-A453-403D-B088-132D13FDE8FE}.Release|x64.ActiveCfg = Release|iPhone
		{4145AC3D-A453-403D-B088-132D13FDE8FE}.Release|x86.ActiveCfg = Release|iPhone
		{EC0C66A1-479F-46EB-9C5E-5CE89D2006A6}.Ad-Hoc|Any CPU.ActiveCfg = Release|Any CPU
		{EC0C66A1-479F-46EB-9C5E-5CE89D2006A6}.Ad-Hoc|Any CPU.Build.0 = Release|Any CPU
		{EC0C66A1-479F-46EB-9C5E-5CE89D2006A6}.Ad-Hoc|Any CPU.Deploy.0 = Release|Any CPU
		{EC0C66A1-479F-46EB-9C5E-5CE89D2006A6}.Ad-Hoc|ARM.ActiveCfg = Release|ARM
		{EC0C66A1-479F-46EB-9C5E-5CE89D2006A6}.Ad-Hoc|ARM.Build.0 = Release|ARM
		{EC0C66A1-479F-46EB-9C5E-5CE89D2006A6}.Ad-Hoc|ARM.Deploy.0 = Release|ARM
		{EC0C66A1-479F-46EB-9C5E-5CE89D2006A6}.Ad-Hoc|iPhone.ActiveCfg = Release|Any CPU
		{EC0C66A1-479F-46EB-9C5E-5CE89D2006A6}.Ad-Hoc|iPhone.Build.0 = Release|Any CPU
		{EC0C66A1-479F-46EB-9C5E-5CE89D2006A6}.Ad-Hoc|iPhone.Deploy.0 = Release|Any CPU
		{EC0C66A1-479F-46EB-9C5E-5CE89D2006A6}.Ad-Hoc|iPhoneSimulator.ActiveCfg = Release|Any CPU
		{EC0C66A1-479F-46EB-9C5E-5CE89D2006A6}.Ad-Hoc|iPhoneSimulator.Build.0 = Release|Any CPU
		{EC0C66A1-479F-46EB-9C5E-5CE89D2006A6}.Ad-Hoc|iPhoneSimulator.Deploy.0 = Release|Any CPU
		{EC0C66A1-479F-46EB-9C5E-5CE89D2006A6}.Ad-Hoc|x64.ActiveCfg = Release|Any CPU
		{EC0C66A1-479F-46EB-9C5E-5CE89D2006A6}.Ad-Hoc|x64.Build.0 = Release|Any CPU
		{EC0C66A1-479F-46EB-9C5E-5CE89D2006A6}.Ad-Hoc|x64.Deploy.0 = Release|Any CPU
		{EC0C66A1-479F-46EB-9C5E-5CE89D2006A6}.Ad-Hoc|x86.ActiveCfg = Release|x86
		{EC0C66A1-479F-46EB-9C5E-5CE89D2006A6}.Ad-Hoc|x86.Build.0 = Release|x86
		{EC0C66A1-479F-46EB-9C5E-5CE89D2006A6}.Ad-Hoc|x86.Deploy.0 = Release|x86
		{EC0C66A1-479F-46EB-9C5E-5CE89D2006A6}.AppStore|Any CPU.ActiveCfg = Release|Any CPU
		{EC0C66A1-479F-46EB-9C5E-5CE89D2006A6}.AppStore|Any CPU.Build.0 = Release|Any CPU
		{EC0C66A1-479F-46EB-9C5E-5CE89D2006A6}.AppStore|Any CPU.Deploy.0 = Release|Any CPU
		{EC0C66A1-479F-46EB-9C5E-5CE89D2006A6}.AppStore|ARM.ActiveCfg = Release|ARM
		{EC0C66A1-479F-46EB-9C5E-5CE89D2006A6}.AppStore|ARM.Build.0 = Release|ARM
		{EC0C66A1-479F-46EB-9C5E-5CE89D2006A6}.AppStore|ARM.Deploy.0 = Release|ARM
		{EC0C66A1-479F-46EB-9C5E-5CE89D2006A6}.AppStore|iPhone.ActiveCfg = Release|Any CPU
		{EC0C66A1-479F-46EB-9C5E-5CE89D2006A6}.AppStore|iPhone.Build.0 = Release|Any CPU
		{EC0C66A1-479F-46EB-9C5E-5CE89D2006A6}.AppStore|iPhone.Deploy.0 = Release|Any CPU
		{EC0C66A1-479F-46EB-9C5E-5CE89D2006A6}.AppStore|iPhoneSimulator.ActiveCfg = Release|Any CPU
		{EC0C66A1-479F-46EB-9C5E-5CE89D2006A6}.AppStore|iPhoneSimulator.Build.0 = Release|Any CPU
		{EC0C66A1-479F-46EB-9C5E-5CE89D2006A6}.AppStore|iPhoneSimulator.Deploy.0 = Release|Any CPU
		{EC0C66A1-479F-46EB-9C5E-5CE89D2006A6}.AppStore|x64.ActiveCfg = Release|Any CPU
		{EC0C66A1-479F-46EB-9C5E-5CE89D2006A6}.AppStore|x64.Build.0 = Release|Any CPU
		{EC0C66A1-479F-46EB-9C5E-5CE89D2006A6}.AppStore|x64.Deploy.0 = Release|Any CPU
		{EC0C66A1-479F-46EB-9C5E-5CE89D2006A6}.AppStore|x86.ActiveCfg = Release|x86
		{EC0C66A1-479F-46EB-9C5E-5CE89D2006A6}.AppStore|x86.Build.0 = Release|x86
		{EC0C66A1-479F-46EB-9C5E-5CE89D2006A6}.AppStore|x86.Deploy.0 = Release|x86
		{EC0C66A1-479F-46EB-9C5E-5CE89D2006A6}.Debug|Any CPU.ActiveCfg = Debug|Any CPU
		{EC0C66A1-479F-46EB-9C5E-5CE89D2006A6}.Debug|Any CPU.Build.0 = Debug|Any CPU
		{EC0C66A1-479F-46EB-9C5E-5CE89D2006A6}.Debug|Any CPU.Deploy.0 = Debug|Any CPU
		{EC0C66A1-479F-46EB-9C5E-5CE89D2006A6}.Debug|ARM.ActiveCfg = Debug|ARM
		{EC0C66A1-479F-46EB-9C5E-5CE89D2006A6}.Debug|ARM.Build.0 = Debug|ARM
		{EC0C66A1-479F-46EB-9C5E-5CE89D2006A6}.Debug|ARM.Deploy.0 = Debug|ARM
		{EC0C66A1-479F-46EB-9C5E-5CE89D2006A6}.Debug|iPhone.ActiveCfg = Debug|Any CPU
		{EC0C66A1-479F-46EB-9C5E-5CE89D2006A6}.Debug|iPhone.Build.0 = Debug|Any CPU
		{EC0C66A1-479F-46EB-9C5E-5CE89D2006A6}.Debug|iPhone.Deploy.0 = Debug|Any CPU
		{EC0C66A1-479F-46EB-9C5E-5CE89D2006A6}.Debug|iPhoneSimulator.ActiveCfg = Debug|Any CPU
		{EC0C66A1-479F-46EB-9C5E-5CE89D2006A6}.Debug|iPhoneSimulator.Build.0 = Debug|Any CPU
		{EC0C66A1-479F-46EB-9C5E-5CE89D2006A6}.Debug|iPhoneSimulator.Deploy.0 = Debug|Any CPU
		{EC0C66A1-479F-46EB-9C5E-5CE89D2006A6}.Debug|x64.ActiveCfg = Debug|Any CPU
		{EC0C66A1-479F-46EB-9C5E-5CE89D2006A6}.Debug|x64.Build.0 = Debug|Any CPU
		{EC0C66A1-479F-46EB-9C5E-5CE89D2006A6}.Debug|x64.Deploy.0 = Debug|Any CPU
		{EC0C66A1-479F-46EB-9C5E-5CE89D2006A6}.Debug|x86.ActiveCfg = Debug|x86
		{EC0C66A1-479F-46EB-9C5E-5CE89D2006A6}.Debug|x86.Build.0 = Debug|x86
		{EC0C66A1-479F-46EB-9C5E-5CE89D2006A6}.Debug|x86.Deploy.0 = Debug|x86
		{EC0C66A1-479F-46EB-9C5E-5CE89D2006A6}.Release|Any CPU.ActiveCfg = Release|Any CPU
		{EC0C66A1-479F-46EB-9C5E-5CE89D2006A6}.Release|Any CPU.Build.0 = Release|Any CPU
		{EC0C66A1-479F-46EB-9C5E-5CE89D2006A6}.Release|Any CPU.Deploy.0 = Release|Any CPU
		{EC0C66A1-479F-46EB-9C5E-5CE89D2006A6}.Release|ARM.ActiveCfg = Release|ARM
		{EC0C66A1-479F-46EB-9C5E-5CE89D2006A6}.Release|ARM.Build.0 = Release|ARM
		{EC0C66A1-479F-46EB-9C5E-5CE89D2006A6}.Release|ARM.Deploy.0 = Release|ARM
		{EC0C66A1-479F-46EB-9C5E-5CE89D2006A6}.Release|iPhone.ActiveCfg = Release|Any CPU
		{EC0C66A1-479F-46EB-9C5E-5CE89D2006A6}.Release|iPhone.Build.0 = Release|Any CPU
		{EC0C66A1-479F-46EB-9C5E-5CE89D2006A6}.Release|iPhone.Deploy.0 = Release|Any CPU
		{EC0C66A1-479F-46EB-9C5E-5CE89D2006A6}.Release|iPhoneSimulator.ActiveCfg = Release|Any CPU
		{EC0C66A1-479F-46EB-9C5E-5CE89D2006A6}.Release|iPhoneSimulator.Build.0 = Release|Any CPU
		{EC0C66A1-479F-46EB-9C5E-5CE89D2006A6}.Release|iPhoneSimulator.Deploy.0 = Release|Any CPU
		{EC0C66A1-479F-46EB-9C5E-5CE89D2006A6}.Release|x64.ActiveCfg = Release|Any CPU
		{EC0C66A1-479F-46EB-9C5E-5CE89D2006A6}.Release|x64.Build.0 = Release|Any CPU
		{EC0C66A1-479F-46EB-9C5E-5CE89D2006A6}.Release|x64.Deploy.0 = Release|Any CPU
		{EC0C66A1-479F-46EB-9C5E-5CE89D2006A6}.Release|x86.ActiveCfg = Release|x86
		{EC0C66A1-479F-46EB-9C5E-5CE89D2006A6}.Release|x86.Build.0 = Release|x86
		{EC0C66A1-479F-46EB-9C5E-5CE89D2006A6}.Release|x86.Deploy.0 = Release|x86
		{A1703493-B4AB-4738-9986-3175E325946A}.Ad-Hoc|Any CPU.ActiveCfg = Release|x86
		{A1703493-B4AB-4738-9986-3175E325946A}.Ad-Hoc|Any CPU.Build.0 = Release|x86
		{A1703493-B4AB-4738-9986-3175E325946A}.Ad-Hoc|Any CPU.Deploy.0 = Release|x86
		{A1703493-B4AB-4738-9986-3175E325946A}.Ad-Hoc|ARM.ActiveCfg = Release|ARM
		{A1703493-B4AB-4738-9986-3175E325946A}.Ad-Hoc|ARM.Build.0 = Release|ARM
		{A1703493-B4AB-4738-9986-3175E325946A}.Ad-Hoc|ARM.Deploy.0 = Release|ARM
		{A1703493-B4AB-4738-9986-3175E325946A}.Ad-Hoc|iPhone.ActiveCfg = Release|x86
		{A1703493-B4AB-4738-9986-3175E325946A}.Ad-Hoc|iPhone.Build.0 = Release|x86
		{A1703493-B4AB-4738-9986-3175E325946A}.Ad-Hoc|iPhone.Deploy.0 = Release|x86
		{A1703493-B4AB-4738-9986-3175E325946A}.Ad-Hoc|iPhoneSimulator.ActiveCfg = Release|x86
		{A1703493-B4AB-4738-9986-3175E325946A}.Ad-Hoc|iPhoneSimulator.Build.0 = Release|x86
		{A1703493-B4AB-4738-9986-3175E325946A}.Ad-Hoc|iPhoneSimulator.Deploy.0 = Release|x86
		{A1703493-B4AB-4738-9986-3175E325946A}.Ad-Hoc|x64.ActiveCfg = Release|x64
		{A1703493-B4AB-4738-9986-3175E325946A}.Ad-Hoc|x64.Build.0 = Release|x64
		{A1703493-B4AB-4738-9986-3175E325946A}.Ad-Hoc|x64.Deploy.0 = Release|x64
		{A1703493-B4AB-4738-9986-3175E325946A}.Ad-Hoc|x86.ActiveCfg = Release|x86
		{A1703493-B4AB-4738-9986-3175E325946A}.Ad-Hoc|x86.Build.0 = Release|x86
		{A1703493-B4AB-4738-9986-3175E325946A}.Ad-Hoc|x86.Deploy.0 = Release|x86
		{A1703493-B4AB-4738-9986-3175E325946A}.AppStore|Any CPU.ActiveCfg = Release|x86
		{A1703493-B4AB-4738-9986-3175E325946A}.AppStore|Any CPU.Build.0 = Release|x86
		{A1703493-B4AB-4738-9986-3175E325946A}.AppStore|Any CPU.Deploy.0 = Release|x86
		{A1703493-B4AB-4738-9986-3175E325946A}.AppStore|ARM.ActiveCfg = Release|ARM
		{A1703493-B4AB-4738-9986-3175E325946A}.AppStore|ARM.Build.0 = Release|ARM
		{A1703493-B4AB-4738-9986-3175E325946A}.AppStore|ARM.Deploy.0 = Release|ARM
		{A1703493-B4AB-4738-9986-3175E325946A}.AppStore|iPhone.ActiveCfg = Release|x86
		{A1703493-B4AB-4738-9986-3175E325946A}.AppStore|iPhone.Build.0 = Release|x86
		{A1703493-B4AB-4738-9986-3175E325946A}.AppStore|iPhone.Deploy.0 = Release|x86
		{A1703493-B4AB-4738-9986-3175E325946A}.AppStore|iPhoneSimulator.ActiveCfg = Release|x86
		{A1703493-B4AB-4738-9986-3175E325946A}.AppStore|iPhoneSimulator.Build.0 = Release|x86
		{A1703493-B4AB-4738-9986-3175E325946A}.AppStore|iPhoneSimulator.Deploy.0 = Release|x86
		{A1703493-B4AB-4738-9986-3175E325946A}.AppStore|x64.ActiveCfg = Release|x64
		{A1703493-B4AB-4738-9986-3175E325946A}.AppStore|x64.Build.0 = Release|x64
		{A1703493-B4AB-4738-9986-3175E325946A}.AppStore|x64.Deploy.0 = Release|x64
		{A1703493-B4AB-4738-9986-3175E325946A}.AppStore|x86.ActiveCfg = Release|x86
		{A1703493-B4AB-4738-9986-3175E325946A}.AppStore|x86.Build.0 = Release|x86
		{A1703493-B4AB-4738-9986-3175E325946A}.AppStore|x86.Deploy.0 = Release|x86
		{A1703493-B4AB-4738-9986-3175E325946A}.Debug|Any CPU.ActiveCfg = Debug|x86
		{A1703493-B4AB-4738-9986-3175E325946A}.Debug|ARM.ActiveCfg = Debug|ARM
		{A1703493-B4AB-4738-9986-3175E325946A}.Debug|ARM.Build.0 = Debug|ARM
		{A1703493-B4AB-4738-9986-3175E325946A}.Debug|ARM.Deploy.0 = Debug|ARM
		{A1703493-B4AB-4738-9986-3175E325946A}.Debug|iPhone.ActiveCfg = Debug|x86
		{A1703493-B4AB-4738-9986-3175E325946A}.Debug|iPhoneSimulator.ActiveCfg = Debug|x86
		{A1703493-B4AB-4738-9986-3175E325946A}.Debug|x64.ActiveCfg = Debug|x64
		{A1703493-B4AB-4738-9986-3175E325946A}.Debug|x64.Build.0 = Debug|x64
		{A1703493-B4AB-4738-9986-3175E325946A}.Debug|x64.Deploy.0 = Debug|x64
		{A1703493-B4AB-4738-9986-3175E325946A}.Debug|x86.ActiveCfg = Debug|x86
		{A1703493-B4AB-4738-9986-3175E325946A}.Debug|x86.Build.0 = Debug|x86
		{A1703493-B4AB-4738-9986-3175E325946A}.Debug|x86.Deploy.0 = Debug|x86
		{A1703493-B4AB-4738-9986-3175E325946A}.Release|Any CPU.ActiveCfg = Release|x86
		{A1703493-B4AB-4738-9986-3175E325946A}.Release|ARM.ActiveCfg = Release|ARM
		{A1703493-B4AB-4738-9986-3175E325946A}.Release|ARM.Build.0 = Release|ARM
		{A1703493-B4AB-4738-9986-3175E325946A}.Release|ARM.Deploy.0 = Release|ARM
		{A1703493-B4AB-4738-9986-3175E325946A}.Release|iPhone.ActiveCfg = Release|x86
		{A1703493-B4AB-4738-9986-3175E325946A}.Release|iPhoneSimulator.ActiveCfg = Release|x86
		{A1703493-B4AB-4738-9986-3175E325946A}.Release|x64.ActiveCfg = Release|x64
		{A1703493-B4AB-4738-9986-3175E325946A}.Release|x64.Build.0 = Release|x64
		{A1703493-B4AB-4738-9986-3175E325946A}.Release|x64.Deploy.0 = Release|x64
		{A1703493-B4AB-4738-9986-3175E325946A}.Release|x86.ActiveCfg = Release|x86
		{A1703493-B4AB-4738-9986-3175E325946A}.Release|x86.Build.0 = Release|x86
		{A1703493-B4AB-4738-9986-3175E325946A}.Release|x86.Deploy.0 = Release|x86
		{2E17D80B-186F-4CFA-959F-51F519E512C0}.Ad-Hoc|Any CPU.ActiveCfg = Release|Any CPU
		{2E17D80B-186F-4CFA-959F-51F519E512C0}.Ad-Hoc|Any CPU.Build.0 = Release|Any CPU
		{2E17D80B-186F-4CFA-959F-51F519E512C0}.Ad-Hoc|Any CPU.Deploy.0 = Release|Any CPU
		{2E17D80B-186F-4CFA-959F-51F519E512C0}.Ad-Hoc|ARM.ActiveCfg = Release|ARM
		{2E17D80B-186F-4CFA-959F-51F519E512C0}.Ad-Hoc|ARM.Build.0 = Release|ARM
		{2E17D80B-186F-4CFA-959F-51F519E512C0}.Ad-Hoc|ARM.Deploy.0 = Release|ARM
		{2E17D80B-186F-4CFA-959F-51F519E512C0}.Ad-Hoc|iPhone.ActiveCfg = Release|Any CPU
		{2E17D80B-186F-4CFA-959F-51F519E512C0}.Ad-Hoc|iPhone.Build.0 = Release|Any CPU
		{2E17D80B-186F-4CFA-959F-51F519E512C0}.Ad-Hoc|iPhone.Deploy.0 = Release|Any CPU
		{2E17D80B-186F-4CFA-959F-51F519E512C0}.Ad-Hoc|iPhoneSimulator.ActiveCfg = Release|Any CPU
		{2E17D80B-186F-4CFA-959F-51F519E512C0}.Ad-Hoc|iPhoneSimulator.Build.0 = Release|Any CPU
		{2E17D80B-186F-4CFA-959F-51F519E512C0}.Ad-Hoc|iPhoneSimulator.Deploy.0 = Release|Any CPU
		{2E17D80B-186F-4CFA-959F-51F519E512C0}.Ad-Hoc|x64.ActiveCfg = Release|x64
		{2E17D80B-186F-4CFA-959F-51F519E512C0}.Ad-Hoc|x64.Build.0 = Release|x64
		{2E17D80B-186F-4CFA-959F-51F519E512C0}.Ad-Hoc|x64.Deploy.0 = Release|x64
		{2E17D80B-186F-4CFA-959F-51F519E512C0}.Ad-Hoc|x86.ActiveCfg = Release|x86
		{2E17D80B-186F-4CFA-959F-51F519E512C0}.Ad-Hoc|x86.Build.0 = Release|x86
		{2E17D80B-186F-4CFA-959F-51F519E512C0}.Ad-Hoc|x86.Deploy.0 = Release|x86
		{2E17D80B-186F-4CFA-959F-51F519E512C0}.AppStore|Any CPU.ActiveCfg = Release|Any CPU
		{2E17D80B-186F-4CFA-959F-51F519E512C0}.AppStore|Any CPU.Build.0 = Release|Any CPU
		{2E17D80B-186F-4CFA-959F-51F519E512C0}.AppStore|Any CPU.Deploy.0 = Release|Any CPU
		{2E17D80B-186F-4CFA-959F-51F519E512C0}.AppStore|ARM.ActiveCfg = Release|ARM
		{2E17D80B-186F-4CFA-959F-51F519E512C0}.AppStore|ARM.Build.0 = Release|ARM
		{2E17D80B-186F-4CFA-959F-51F519E512C0}.AppStore|ARM.Deploy.0 = Release|ARM
		{2E17D80B-186F-4CFA-959F-51F519E512C0}.AppStore|iPhone.ActiveCfg = Release|Any CPU
		{2E17D80B-186F-4CFA-959F-51F519E512C0}.AppStore|iPhone.Build.0 = Release|Any CPU
		{2E17D80B-186F-4CFA-959F-51F519E512C0}.AppStore|iPhone.Deploy.0 = Release|Any CPU
		{2E17D80B-186F-4CFA-959F-51F519E512C0}.AppStore|iPhoneSimulator.ActiveCfg = Release|Any CPU
		{2E17D80B-186F-4CFA-959F-51F519E512C0}.AppStore|iPhoneSimulator.Build.0 = Release|Any CPU
		{2E17D80B-186F-4CFA-959F-51F519E512C0}.AppStore|iPhoneSimulator.Deploy.0 = Release|Any CPU
		{2E17D80B-186F-4CFA-959F-51F519E512C0}.AppStore|x64.ActiveCfg = Release|x64
		{2E17D80B-186F-4CFA-959F-51F519E512C0}.AppStore|x64.Build.0 = Release|x64
		{2E17D80B-186F-4CFA-959F-51F519E512C0}.AppStore|x64.Deploy.0 = Release|x64
		{2E17D80B-186F-4CFA-959F-51F519E512C0}.AppStore|x86.ActiveCfg = Release|x86
		{2E17D80B-186F-4CFA-959F-51F519E512C0}.AppStore|x86.Build.0 = Release|x86
		{2E17D80B-186F-4CFA-959F-51F519E512C0}.AppStore|x86.Deploy.0 = Release|x86
		{2E17D80B-186F-4CFA-959F-51F519E512C0}.Debug|Any CPU.ActiveCfg = Debug|Any CPU
		{2E17D80B-186F-4CFA-959F-51F519E512C0}.Debug|Any CPU.Build.0 = Debug|Any CPU
		{2E17D80B-186F-4CFA-959F-51F519E512C0}.Debug|Any CPU.Deploy.0 = Debug|Any CPU
		{2E17D80B-186F-4CFA-959F-51F519E512C0}.Debug|ARM.ActiveCfg = Debug|ARM
		{2E17D80B-186F-4CFA-959F-51F519E512C0}.Debug|ARM.Build.0 = Debug|ARM
		{2E17D80B-186F-4CFA-959F-51F519E512C0}.Debug|ARM.Deploy.0 = Debug|ARM
		{2E17D80B-186F-4CFA-959F-51F519E512C0}.Debug|iPhone.ActiveCfg = Debug|Any CPU
		{2E17D80B-186F-4CFA-959F-51F519E512C0}.Debug|iPhone.Build.0 = Debug|Any CPU
		{2E17D80B-186F-4CFA-959F-51F519E512C0}.Debug|iPhone.Deploy.0 = Debug|Any CPU
		{2E17D80B-186F-4CFA-959F-51F519E512C0}.Debug|iPhoneSimulator.ActiveCfg = Debug|Any CPU
		{2E17D80B-186F-4CFA-959F-51F519E512C0}.Debug|iPhoneSimulator.Build.0 = Debug|Any CPU
		{2E17D80B-186F-4CFA-959F-51F519E512C0}.Debug|iPhoneSimulator.Deploy.0 = Debug|Any CPU
		{2E17D80B-186F-4CFA-959F-51F519E512C0}.Debug|x64.ActiveCfg = Debug|x64
		{2E17D80B-186F-4CFA-959F-51F519E512C0}.Debug|x64.Build.0 = Debug|x64
		{2E17D80B-186F-4CFA-959F-51F519E512C0}.Debug|x64.Deploy.0 = Debug|x64
		{2E17D80B-186F-4CFA-959F-51F519E512C0}.Debug|x86.ActiveCfg = Debug|x86
		{2E17D80B-186F-4CFA-959F-51F519E512C0}.Debug|x86.Build.0 = Debug|x86
		{2E17D80B-186F-4CFA-959F-51F519E512C0}.Debug|x86.Deploy.0 = Debug|x86
		{2E17D80B-186F-4CFA-959F-51F519E512C0}.Release|Any CPU.ActiveCfg = Release|Any CPU
		{2E17D80B-186F-4CFA-959F-51F519E512C0}.Release|Any CPU.Build.0 = Release|Any CPU
		{2E17D80B-186F-4CFA-959F-51F519E512C0}.Release|Any CPU.Deploy.0 = Release|Any CPU
		{2E17D80B-186F-4CFA-959F-51F519E512C0}.Release|ARM.ActiveCfg = Release|ARM
		{2E17D80B-186F-4CFA-959F-51F519E512C0}.Release|ARM.Build.0 = Release|ARM
		{2E17D80B-186F-4CFA-959F-51F519E512C0}.Release|ARM.Deploy.0 = Release|ARM
		{2E17D80B-186F-4CFA-959F-51F519E512C0}.Release|iPhone.ActiveCfg = Release|Any CPU
		{2E17D80B-186F-4CFA-959F-51F519E512C0}.Release|iPhone.Build.0 = Release|Any CPU
		{2E17D80B-186F-4CFA-959F-51F519E512C0}.Release|iPhone.Deploy.0 = Release|Any CPU
		{2E17D80B-186F-4CFA-959F-51F519E512C0}.Release|iPhoneSimulator.ActiveCfg = Release|Any CPU
		{2E17D80B-186F-4CFA-959F-51F519E512C0}.Release|iPhoneSimulator.Build.0 = Release|Any CPU
		{2E17D80B-186F-4CFA-959F-51F519E512C0}.Release|iPhoneSimulator.Deploy.0 = Release|Any CPU
		{2E17D80B-186F-4CFA-959F-51F519E512C0}.Release|x64.ActiveCfg = Release|x64
		{2E17D80B-186F-4CFA-959F-51F519E512C0}.Release|x64.Build.0 = Release|x64
		{2E17D80B-186F-4CFA-959F-51F519E512C0}.Release|x64.Deploy.0 = Release|x64
		{2E17D80B-186F-4CFA-959F-51F519E512C0}.Release|x86.ActiveCfg = Release|x86
		{2E17D80B-186F-4CFA-959F-51F519E512C0}.Release|x86.Build.0 = Release|x86
		{2E17D80B-186F-4CFA-959F-51F519E512C0}.Release|x86.Deploy.0 = Release|x86
	EndGlobalSection
	GlobalSection(SolutionProperties) = preSolution
		HideSolutionNode = FALSE
	EndGlobalSection
EndGlobal
